// !$*UTF8*$!
{
	archiveVersion = 1;
	classes = {
	};
	objectVersion = 46;
	objects = {

/* Begin PBXBuildFile section */
		9CA4C69D1DBB25F500D62280 /* LuaExt.h in Headers */ = {isa = PBXBuildFile; fileRef = 9CA4C69C1DBB25F500D62280 /* LuaExt.h */; };
		9CA4C69F1DBB25F500D62280 /* LuaExt.m in Sources */ = {isa = PBXBuildFile; fileRef = 9CA4C69E1DBB25F500D62280 /* LuaExt.m */; };
/* End PBXBuildFile section */

/* Begin PBXFileReference section */
		9CA4C6991DBB25F500D62280 /* libLuaExt.dylib */ = {isa = PBXFileReference; explicitFileType = "compiled.mach-o.dylib"; includeInIndex = 0; path = libLuaExt.dylib; sourceTree = BUILT_PRODUCTS_DIR; };
		9CA4C69C1DBB25F500D62280 /* LuaExt.h */ = {isa = PBXFileReference; lastKnownFileType = sourcecode.c.h; path = LuaExt.h; sourceTree = "<group>"; };
		9CA4C69E1DBB25F500D62280 /* LuaExt.m */ = {isa = PBXFileReference; lastKnownFileType = sourcecode.c.objc; path = LuaExt.m; sourceTree = "<group>"; };
/* End PBXFileReference section */

/* Begin PBXFrameworksBuildPhase section */
		9CA4C6961DBB25F500D62280 /* Frameworks */ = {
			isa = PBXFrameworksBuildPhase;
			buildActionMask = 2147483647;
			files = (
			);
			runOnlyForDeploymentPostprocessing = 0;
		};
/* End PBXFrameworksBuildPhase section */

/* Begin PBXGroup section */
		9CA4C6901DBB25F500D62280 = {
			isa = PBXGroup;
			children = (
				9CA4C69B1DBB25F500D62280 /* LuaExt */,
				9CA4C69A1DBB25F500D62280 /* Products */,
			);
			sourceTree = "<group>";
		};
		9CA4C69A1DBB25F500D62280 /* Products */ = {
			isa = PBXGroup;
			children = (
				9CA4C6991DBB25F500D62280 /* libLuaExt.dylib */,
			);
			name = Products;
			sourceTree = "<group>";
		};
		9CA4C69B1DBB25F500D62280 /* LuaExt */ = {
			isa = PBXGroup;
			children = (
				9CA4C69C1DBB25F500D62280 /* LuaExt.h */,
				9CA4C69E1DBB25F500D62280 /* LuaExt.m */,
			);
			path = LuaExt;
			sourceTree = "<group>";
		};
/* End PBXGroup section */

/* Begin PBXHeadersBuildPhase section */
		9CA4C6971DBB25F500D62280 /* Headers */ = {
			isa = PBXHeadersBuildPhase;
			buildActionMask = 2147483647;
			files = (
				9CA4C69D1DBB25F500D62280 /* LuaExt.h in Headers */,
			);
			runOnlyForDeploymentPostprocessing = 0;
		};
/* End PBXHeadersBuildPhase section */

/* Begin PBXNativeTarget section */
		9CA4C6981DBB25F500D62280 /* LuaExt */ = {
			isa = PBXNativeTarget;
			buildConfigurationList = 9CA4C6A21DBB25F500D62280 /* Build configuration list for PBXNativeTarget "LuaExt" */;
			buildPhases = (
				9CA4C6951DBB25F500D62280 /* Sources */,
				9CA4C6961DBB25F500D62280 /* Frameworks */,
				9CA4C6971DBB25F500D62280 /* Headers */,
			);
			buildRules = (
			);
			dependencies = (
			);
			name = LuaExt;
			productName = LuaExt;
			productReference = 9CA4C6991DBB25F500D62280 /* libLuaExt.dylib */;
			productType = "com.apple.product-type.library.dynamic";
		};
/* End PBXNativeTarget section */

/* Begin PBXProject section */
		9CA4C6911DBB25F500D62280 /* Project object */ = {
			isa = PBXProject;
			attributes = {
				LastUpgradeCheck = 0800;
				ORGANIZATIONNAME = "박 창진";
				TargetAttributes = {
					9CA4C6981DBB25F500D62280 = {
						CreatedOnToolsVersion = 8.0;
						ProvisioningStyle = Automatic;
					};
				};
			};
			buildConfigurationList = 9CA4C6941DBB25F500D62280 /* Build configuration list for PBXProject "LuaExt" */;
			compatibilityVersion = "Xcode 3.2";
			developmentRegion = English;
			hasScannedForEncodings = 0;
			knownRegions = (
				en,
			);
			mainGroup = 9CA4C6901DBB25F500D62280;
			productRefGroup = 9CA4C69A1DBB25F500D62280 /* Products */;
			projectDirPath = "";
			projectRoot = "";
			targets = (
				9CA4C6981DBB25F500D62280 /* LuaExt */,
			);
		};
/* End PBXProject section */

/* Begin PBXSourcesBuildPhase section */
		9CA4C6951DBB25F500D62280 /* Sources */ = {
			isa = PBXSourcesBuildPhase;
			buildActionMask = 2147483647;
			files = (
				9CA4C69F1DBB25F500D62280 /* LuaExt.m in Sources */,
			);
			runOnlyForDeploymentPostprocessing = 0;
		};
/* End PBXSourcesBuildPhase section */

/* Begin XCBuildConfiguration section */
		9CA4C6A01DBB25F500D62280 /* Debug */ = {
			isa = XCBuildConfiguration;
			buildSettings = {
				ALWAYS_SEARCH_USER_PATHS = NO;
				CLANG_ANALYZER_NONNULL = YES;
				CLANG_CXX_LANGUAGE_STANDARD = "gnu++0x";
				CLANG_CXX_LIBRARY = "libc++";
				CLANG_ENABLE_MODULES = YES;
				CLANG_ENABLE_OBJC_ARC = YES;
				CLANG_WARN_BOOL_CONVERSION = YES;
				CLANG_WARN_CONSTANT_CONVERSION = YES;
				CLANG_WARN_DIRECT_OBJC_ISA_USAGE = YES_ERROR;
				CLANG_WARN_DOCUMENTATION_COMMENTS = YES;
				CLANG_WARN_EMPTY_BODY = YES;
				CLANG_WARN_ENUM_CONVERSION = YES;
				CLANG_WARN_INFINITE_RECURSION = YES;
				CLANG_WARN_INT_CONVERSION = YES;
				CLANG_WARN_OBJC_ROOT_CLASS = YES_ERROR;
				CLANG_WARN_SUSPICIOUS_MOVES = YES;
				CLANG_WARN_UNREACHABLE_CODE = YES;
				CLANG_WARN__DUPLICATE_METHOD_MATCH = YES;
				CODE_SIGN_IDENTITY = "-";
				COPY_PHASE_STRIP = NO;
				DEBUG_INFORMATION_FORMAT = dwarf;
				ENABLE_STRICT_OBJC_MSGSEND = YES;
				ENABLE_TESTABILITY = YES;
				GCC_C_LANGUAGE_STANDARD = gnu99;
				GCC_DYNAMIC_NO_PIC = NO;
				GCC_NO_COMMON_BLOCKS = YES;
				GCC_OPTIMIZATION_LEVEL = 0;
				GCC_PREPROCESSOR_DEFINITIONS = (
					"DEBUG=1",
					"$(inherited)",
				);
				GCC_WARN_64_TO_32_BIT_CONVERSION = YES;
				GCC_WARN_ABOUT_RETURN_TYPE = YES_ERROR;
				GCC_WARN_UNDECLARED_SELECTOR = YES;
				GCC_WARN_UNINITIALIZED_AUTOS = YES_AGGRESSIVE;
				GCC_WARN_UNUSED_FUNCTION = YES;
				GCC_WARN_UNUSED_VARIABLE = YES;
				MACOSX_DEPLOYMENT_TARGET = 10.12;
				MTL_ENABLE_DEBUG_INFO = YES;
				ONLY_ACTIVE_ARCH = YES;
				SDKROOT = macosx;
			};
			name = Debug;
		};
		9CA4C6A11DBB25F500D62280 /* Release */ = {
			isa = XCBuildConfiguration;
			buildSettings = {
				ALWAYS_SEARCH_USER_PATHS = NO;
				CLANG_ANALYZER_NONNULL = YES;
				CLANG_CXX_LANGUAGE_STANDARD = "gnu++0x";
				CLANG_CXX_LIBRARY = "libc++";
				CLANG_ENABLE_MODULES = YES;
				CLANG_ENABLE_OBJC_ARC = YES;
				CLANG_WARN_BOOL_CONVERSION = YES;
				CLANG_WARN_CONSTANT_CONVERSION = YES;
				CLANG_WARN_DIRECT_OBJC_ISA_USAGE = YES_ERROR;
				CLANG_WARN_DOCUMENTATION_COMMENTS = YES;
				CLANG_WARN_EMPTY_BODY = YES;
				CLANG_WARN_ENUM_CONVERSION = YES;
				CLANG_WARN_INFINITE_RECURSION = YES;
				CLANG_WARN_INT_CONVERSION = YES;
				CLANG_WARN_OBJC_ROOT_CLASS = YES_ERROR;
				CLANG_WARN_SUSPICIOUS_MOVES = YES;
				CLANG_WARN_UNREACHABLE_CODE = YES;
				CLANG_WARN__DUPLICATE_METHOD_MATCH = YES;
				CODE_SIGN_IDENTITY = "-";
				COPY_PHASE_STRIP = NO;
				DEBUG_INFORMATION_FORMAT = "dwarf-with-dsym";
				ENABLE_NS_ASSERTIONS = NO;
				ENABLE_STRICT_OBJC_MSGSEND = YES;
				GCC_C_LANGUAGE_STANDARD = gnu99;
				GCC_NO_COMMON_BLOCKS = YES;
				GCC_WARN_64_TO_32_BIT_CONVERSION = YES;
				GCC_WARN_ABOUT_RETURN_TYPE = YES_ERROR;
				GCC_WARN_UNDECLARED_SELECTOR = YES;
				GCC_WARN_UNINITIALIZED_AUTOS = YES_AGGRESSIVE;
				GCC_WARN_UNUSED_FUNCTION = YES;
				GCC_WARN_UNUSED_VARIABLE = YES;
				MACOSX_DEPLOYMENT_TARGET = 10.12;
				MTL_ENABLE_DEBUG_INFO = NO;
				SDKROOT = macosx;
			};
			name = Release;
		};
		9CA4C6A31DBB25F500D62280 /* Debug */ = {
			isa = XCBuildConfiguration;
			buildSettings = {
				DYLIB_COMPATIBILITY_VERSION = 1;
				DYLIB_CURRENT_VERSION = 1;
				EXECUTABLE_PREFIX = lib;
				LIBRARY_SEARCH_PATHS = /usr/local/lib;
				OTHER_LDFLAGS = "-llua";
				PRODUCT_NAME = "$(TARGET_NAME)";
				USER_HEADER_SEARCH_PATHS = /usr/local/include;
			};
			name = Debug;
		};
		9CA4C6A41DBB25F500D62280 /* Release */ = {
			isa = XCBuildConfiguration;
			buildSettings = {
				DYLIB_COMPATIBILITY_VERSION = 1;
				DYLIB_CURRENT_VERSION = 1;
				EXECUTABLE_PREFIX = lib;
				LIBRARY_SEARCH_PATHS = /usr/local/lib;
				OTHER_LDFLAGS = "-llua";
				PRODUCT_NAME = "$(TARGET_NAME)";
				USER_HEADER_SEARCH_PATHS = /usr/local/include;
			};
			name = Release;
		};
/* End XCBuildConfiguration section */

/* Begin XCConfigurationList section */
		9CA4C6941DBB25F500D62280 /* Build configuration list for PBXProject "LuaExt" */ = {
			isa = XCConfigurationList;
			buildConfigurations = (
				9CA4C6A01DBB25F500D62280 /* Debug */,
				9CA4C6A11DBB25F500D62280 /* Release */,
			);
			defaultConfigurationIsVisible = 0;
			defaultConfigurationName = Release;
		};
		9CA4C6A21DBB25F500D62280 /* Build configuration list for PBXNativeTarget "LuaExt" */ = {
			isa = XCConfigurationList;
			buildConfigurations = (
				9CA4C6A31DBB25F500D62280 /* Debug */,
				9CA4C6A41DBB25F500D62280 /* Release */,
			);
			defaultConfigurationIsVisible = 0;
			defaultConfigurationName = Release;
		};
/* End XCConfigurationList section */
	};
	rootObject = 9CA4C6911DBB25F500D62280 /* Project object */;
}
